
Microsoft Visual Studio Solution File, Format Version 12.00
# Visual Studio Version 17
VisualStudioVersion = 17.0.32014.148
MinimumVisualStudioVersion = 10.0.40219.1
Project("{9A19103F-16F7-4668-BE54-9A1E7A4F7556}") = "ConsoleApp1", "ConsoleApp1\ConsoleApp1.csproj", "{11E040EC-A281-422C-8425-5AD4BC84F2F8}"
EndProject
Project("{FAE04EC0-301F-11D3-BF4B-00C04F79EFBC}") = "Lecture01.Tests", "Lecture01.Tests\Lecture01.Tests.csproj", "{9B5A89A3-4D89-406B-A7A9-A49BC6A06F41}"
EndProject
Global
	GlobalSection(SolutionConfigurationPlatforms) = preSolution
		Debug|Any CPU = Debug|Any CPU
		Release|Any CPU = Release|Any CPU
	EndGlobalSection
	GlobalSection(ProjectConfigurationPlatforms) = postSolution
		{11E040EC-A281-422C-8425-5AD4BC84F2F8}.Debug|Any CPU.ActiveCfg = Debug|Any CPU
		{11E040EC-A281-422C-8425-5AD4BC84F2F8}.Debug|Any CPU.Build.0 = Debug|Any CPU
		{11E040EC-A281-422C-8425-5AD4BC84F2F8}.Release|Any CPU.ActiveCfg = Release|Any CPU
		{11E040EC-A281-422C-8425-5AD4BC84F2F8}.Release|Any CPU.Build.0 = Release|Any CPU
		{9B5A89A3-4D89-406B-A7A9-A49BC6A06F41}.Debug|Any CPU.ActiveCfg = Debug|Any CPU
		{9B5A89A3-4D89-406B-A7A9-A49BC6A06F41}.Debug|Any CPU.Build.0 = Debug|Any CPU
		{9B5A89A3-4D89-406B-A7A9-A49BC6A06F41}.Release|Any CPU.ActiveCfg = Release|Any CPU
		{9B5A89A3-4D89-406B-A7A9-A49BC6A06F41}.Release|Any CPU.Build.0 = Release|Any CPU
	EndGlobalSection
	GlobalSection(SolutionProperties) = preSolution
		HideSolutionNode = FALSE
	EndGlobalSection
	GlobalSection(ExtensibilityGlobals) = postSolution
		SolutionGuid = {3DC00F9D-28CB-4D54-93CC-12C8FF1951CE}
	EndGlobalSection
EndGlobal
